
Microsoft Visual Studio Solution File, Format Version 12.00
# Visual Studio Version 17
VisualStudioVersion = 17.7.34009.444
MinimumVisualStudioVersion = 10.0.40219.1
Project("{FAE04EC0-301F-11D3-BF4B-00C04F79EFBC}") = "ModbusMQTTDataLoggerDashboard", "ModbusMQTTDataLoggerDashboard\ModbusMQTTDataLoggerDashboard.csproj", "{3A0821DE-78FB-442B-B199-F7EABAF8320A}"
EndProject
Global
	GlobalSection(SolutionConfigurationPlatforms) = preSolution
		Debug|Any CPU = Debug|Any CPU
		Release|Any CPU = Release|Any CPU
	EndGlobalSection
	GlobalSection(ProjectConfigurationPlatforms) = postSolution
		{3A0821DE-78FB-442B-B199-F7EABAF8320A}.Debug|Any CPU.ActiveCfg = Debug|Any CPU
		{3A0821DE-78FB-442B-B199-F7EABAF8320A}.Debug|Any CPU.Build.0 = Debug|Any CPU
		{3A0821DE-78FB-442B-B199-F7EABAF8320A}.Release|Any CPU.ActiveCfg = Release|Any CPU
		{3A0821DE-78FB-442B-B199-F7EABAF8320A}.Release|Any CPU.Build.0 = Release|Any CPU
	EndGlobalSection
	GlobalSection(SolutionProperties) = preSolution
		HideSolutionNode = FALSE
	EndGlobalSection
	GlobalSection(ExtensibilityGlobals) = postSolution
		SolutionGuid = {DC1FC6E8-8FF2-42A1-9F5E-84F2E659A28A}
	EndGlobalSection
EndGlobal
